{
    "_meta": {
        "hash": {
            "sha256": "7a38e318816f79977e72d89d9fe1a8168ea84f2f4bf6e0159a62d8d109a065bd"
        },
        "pipfile-spec": 6,
        "requires": {
            "python_version": "3.6"
        },
        "sources": [
            {
                "name": "pypi",
                "url": "https://pypi.org/simple",
                "verify_ssl": true
            }
        ]
    },
    "default": {
        "docopt": {
            "hashes": [
                "sha256:49b3a825280bd66b3aa83585ef59c4a8c82f2c8a522dbe754a8bc8d08c85c491"
            ],
            "index": "pypi",
            "version": "==0.6.2"
        },
        "pygtrie": {
            "hashes": [
                "sha256:28261896d9fea0439d5ee521403812b444c041036d2335b86dbf9c9c2ec1a703"
            ],
            "index": "pypi",
            "version": "==2.3"
        },
        "pyperclip": {
            "hashes": [
                "sha256:979325468ccf682104d5dcaf753f869868100631301d3e72f47babdea5700d1c"
            ],
            "index": "pypi",
            "version": "==1.7.0"
        }
    },
    "develop": {}
}
